
Microsoft Visual Studio Solution File, Format Version 12.00
# Visual Studio Version 17
VisualStudioVersion = 17.3.32929.385
MinimumVisualStudioVersion = 10.0.40219.1
Project("{FAE04EC0-301F-11D3-BF4B-00C04F79EFBC}") = "AEONSHOP", "AEONSHOP\AEONSHOP.csproj", "{1ADF3ACD-CD24-40C5-BEC0-AE4675F3554B}"
EndProject
Global
	GlobalSection(SolutionConfigurationPlatforms) = preSolution
		Debug|Any CPU = Debug|Any CPU
		Release|Any CPU = Release|Any CPU
	EndGlobalSection
	GlobalSection(ProjectConfigurationPlatforms) = postSolution
		{1ADF3ACD-CD24-40C5-BEC0-AE4675F3554B}.Debug|Any CPU.ActiveCfg = Debug|Any CPU
		{1ADF3ACD-CD24-40C5-BEC0-AE4675F3554B}.Debug|Any CPU.Build.0 = Debug|Any CPU
		{1ADF3ACD-CD24-40C5-BEC0-AE4675F3554B}.Release|Any CPU.ActiveCfg = Release|Any CPU
		{1ADF3ACD-CD24-40C5-BEC0-AE4675F3554B}.Release|Any CPU.Build.0 = Release|Any CPU
	EndGlobalSection
	GlobalSection(SolutionProperties) = preSolution
		HideSolutionNode = FALSE
	EndGlobalSection
	GlobalSection(ExtensibilityGlobals) = postSolution
		SolutionGuid = {294B9169-590B-402D-A5BD-E0121E0181C5}
	EndGlobalSection
EndGlobal
